{
  "name": "rescript-atdgen-generator-integration-test",
  "version": "0.1.0",
  "lockfileVersion": 3,
  "requires": true,
  "packages": {
    "": {
      "name": "rescript-atdgen-generator-integration-test",
      "version": "0.1.0",
      "license": "MIT",
      "dependencies": {
        "@ahrefs/bs-atdgen-codec-runtime": "^2.2.0"
      },
      "devDependencies": {
        "@jchavarri/bs-atdgen-generator": "0.1.0",
        "rescript": "10.1.4"
      }
    },
    "node_modules/@ahrefs/bs-atdgen-codec-runtime": {
      "version": "2.2.0",
      "resolved": "https://registry.npmjs.org/@ahrefs/bs-atdgen-codec-runtime/-/bs-atdgen-codec-runtime-2.2.0.tgz",
      "integrity": "sha512-2VEF2lJQgKR1AIUmZHHDeP2rSsqC40fi55HNnTlShPux48dtPL6M7jXxcAxxJnamgXwObTQujdTcI4NkXJ6wTg==",
      "dependencies": {
        "@glennsl/bs-json": "^5.0.0"
      }
    },
    "node_modules/@glennsl/bs-json": {
      "version": "5.0.2",
      "resolved": "https://registry.npmjs.org/@glennsl/bs-json/-/bs-json-5.0.2.tgz",
      "integrity": "sha512-vVlHJNrhmwvhyea14YiV4L5pDLjqw1edE3GzvMxlbPPQZVhzgO3sTWrUxCpQd2gV+CkMfk4FHBYunx9nWtBoDg==",
      "peerDependencies": {
        "bs-platform": "^5.0.4"
      }
    },
    "node_modules/@jchavarri/bs-atdgen-generator": {
      "version": "0.1.0",
      "resolved": "https://registry.npmjs.org/@jchavarri/bs-atdgen-generator/-/bs-atdgen-generator-0.1.0.tgz",
      "integrity": "sha512-tIF9QsjpcPsypP23eGkVG45Lv8gkUSNl8OqMB39ff8KnzfIS3dmcigmo6eBdiI7CGpNdSMWL9mtcbLoUK3zPug==",
      "dev": true,
      "hasInstallScript": true,
      "bin": {
        "atdgen": "atdgen.exe"
      }
    },
    "node_modules/bs-platform": {
      "version": "5.2.1",
      "resolved": "https://registry.npmjs.org/bs-platform/-/bs-platform-5.2.1.tgz",
      "integrity": "sha512-3ISP+RBC/NYILiJnphCY0W3RTYpQ11JGa2dBBLVug5fpFZ0qtSaL3ZplD8MyjNeXX2bC7xgrWfgBSn8Tc9om7Q==",
      "hasInstallScript": true,
      "peer": true,
      "bin": {
        "bsb": "lib/bsb",
        "bsc": "lib/bsc",
        "bsrefmt": "lib/bsrefmt",
        "bstracing": "lib/bstracing"
      }
    },
    "node_modules/rescript": {
      "version": "10.1.4",
      "resolved": "https://registry.npmjs.org/rescript/-/rescript-10.1.4.tgz",
      "integrity": "sha512-FFKlS9AG/XrLepWsyw7B+A9DtQBPWEPDPDKghV831Y2KGbie+eeFBOS0xtRHp0xbt7S0N2Dm6hhX+kTZQ/3Ybg==",
      "dev": true,
      "hasInstallScript": true,
      "bin": {
        "bsc": "bsc",
        "bsrefmt": "bsrefmt",
        "bstracing": "lib/bstracing",
        "rescript": "rescript"
      }
    }
  }
}
