{
  "name": "bs-atdgen-generator-integration-test",
  "version": "0.1.0",
  "lockfileVersion": 1,
  "requires": true,
  "dependencies": {
    "@ahrefs/bs-atdgen-codec-runtime": {
      "version": "2.0.1",
      "resolved": "https://registry.npmjs.org/@ahrefs/bs-atdgen-codec-runtime/-/bs-atdgen-codec-runtime-2.0.1.tgz",
      "integrity": "sha512-gmpr9XSUvKrh1ylZ4AKZIwTUojQeC4hNKSSkOtqc++txTO6iQFkLuC93D9PKH5ykMMuiFE1g5ELF7JTiRB0gGA==",
      "requires": {
        "@glennsl/bs-json": "^5.0.0"
      }
    },
    "@glennsl/bs-json": {
      "version": "5.0.2",
      "resolved": "https://registry.npmjs.org/@glennsl/bs-json/-/bs-json-5.0.2.tgz",
      "integrity": "sha512-vVlHJNrhmwvhyea14YiV4L5pDLjqw1edE3GzvMxlbPPQZVhzgO3sTWrUxCpQd2gV+CkMfk4FHBYunx9nWtBoDg=="
    },
    "@jchavarri/bs-atdgen-generator": {
      "version": "0.0.7",
      "resolved": "https://registry.npmjs.org/@jchavarri/bs-atdgen-generator/-/bs-atdgen-generator-0.0.7.tgz",
      "integrity": "sha512-T+SoR8syAmNXvaxl2JvJ994+YargpIdoXkIAlpObgxdXLkqKTRLetcQQrfXUYDShPRyoBnWh/JC4LGgBI8oCiA==",
      "dev": true
    },
    "bs-platform": {
      "version": "7.3.2",
      "resolved": "https://registry.npmjs.org/bs-platform/-/bs-platform-7.3.2.tgz",
      "integrity": "sha512-seJL5g4anK9la4erv+B2o2sMHQCxDF6OCRl9en3hbaUos/S3JsusQ0sPp4ORsbx5eXfHLYBwPljwKXlgpXtsgQ==",
      "dev": true
    }
  }
}
