# THIS IS AN AUTOGENERATED FILE. DO NOT EDIT THIS FILE DIRECTLY.
# yarn lockfile v1


"@ahrefs/bs-atdgen-codec-runtime@^2.0.1":
  version "2.0.1"
  resolved "https://registry.yarnpkg.com/@ahrefs/bs-atdgen-codec-runtime/-/bs-atdgen-codec-runtime-2.0.1.tgz#9d7dff002bee1f01d0b687463e75747e5c2f8c2e"
  integrity sha512-gmpr9XSUvKrh1ylZ4AKZIwTUojQeC4hNKSSkOtqc++txTO6iQFkLuC93D9PKH5ykMMuiFE1g5ELF7JTiRB0gGA==
  dependencies:
    "@glennsl/bs-json" "^5.0.0"

"@glennsl/bs-json@^5.0.0":
  version "5.0.2"
  resolved "https://registry.yarnpkg.com/@glennsl/bs-json/-/bs-json-5.0.2.tgz#cfb85d94d370ec6dc17849e0ddb1a51eee08cfcc"
  integrity sha512-vVlHJNrhmwvhyea14YiV4L5pDLjqw1edE3GzvMxlbPPQZVhzgO3sTWrUxCpQd2gV+CkMfk4FHBYunx9nWtBoDg==

"@jchavarri/bs-atdgen-generator@0.0.3":
  version "0.0.3"
  resolved "https://registry.yarnpkg.com/@jchavarri/bs-atdgen-generator/-/bs-atdgen-generator-0.0.3.tgz#7e1d0a700e884158d831110b64bd146b8c6ecf1f"
  integrity sha512-1jb3twAdMsJebJ0fD5dd6oKBUmpRpx7c2ffyB+Vqe+tYO+ACMmJKTS0VhtdB5gqpm8YZwODCu09msPVPm/etAQ==

bs-platform@7.3.2:
  version "7.3.2"
  resolved "https://registry.yarnpkg.com/bs-platform/-/bs-platform-7.3.2.tgz#301f5c9b4e8cf5713cb60ca22e145e56e793affe"
  integrity sha512-seJL5g4anK9la4erv+B2o2sMHQCxDF6OCRl9en3hbaUos/S3JsusQ0sPp4ORsbx5eXfHLYBwPljwKXlgpXtsgQ==
